// !$*UTF8*$!
{
	archiveVersion = 1;
	classes = {
	};
	objectVersion = 55;
	objects = {

/* Begin PBXBuildFile section */
		D330BD4228E01FF600C72A05 /* _1_BookwormApp.swift in Sources */ = {isa = PBXBuildFile; fileRef = D330BD4128E01FF600C72A05 /* _1_BookwormApp.swift */; };
		D330BD4428E01FF600C72A05 /* ContentView.swift in Sources */ = {isa = PBXBuildFile; fileRef = D330BD4328E01FF600C72A05 /* ContentView.swift */; };
		D330BD4628E01FF800C72A05 /* Assets.xcassets in Resources */ = {isa = PBXBuildFile; fileRef = D330BD4528E01FF800C72A05 /* Assets.xcassets */; };
		D330BD4928E01FF800C72A05 /* Preview Assets.xcassets in Resources */ = {isa = PBXBuildFile; fileRef = D330BD4828E01FF800C72A05 /* Preview Assets.xcassets */; };
		D330BD5128E0265500C72A05 /* Bookworm.xcdatamodeld in Sources */ = {isa = PBXBuildFile; fileRef = D330BD4F28E0265500C72A05 /* Bookworm.xcdatamodeld */; };
		D330BD5328E026A600C72A05 /* DataController.swift in Sources */ = {isa = PBXBuildFile; fileRef = D330BD5228E026A600C72A05 /* DataController.swift */; };
		D330BD5528E03A8C00C72A05 /* AddBookView.swift in Sources */ = {isa = PBXBuildFile; fileRef = D330BD5428E03A8C00C72A05 /* AddBookView.swift */; };
		D330BD5728E046A700C72A05 /* RatingView.swift in Sources */ = {isa = PBXBuildFile; fileRef = D330BD5628E046A700C72A05 /* RatingView.swift */; };
		D330BD5928E051AB00C72A05 /* EmojiRatingView.swift in Sources */ = {isa = PBXBuildFile; fileRef = D330BD5828E051AB00C72A05 /* EmojiRatingView.swift */; };
		D330BD5B28E05E4D00C72A05 /* DetailView.swift in Sources */ = {isa = PBXBuildFile; fileRef = D330BD5A28E05E4D00C72A05 /* DetailView.swift */; };
/* End PBXBuildFile section */

/* Begin PBXFileReference section */
		D330BD3E28E01FF600C72A05 /* 11_Bookworm.app */ = {isa = PBXFileReference; explicitFileType = wrapper.application; includeInIndex = 0; path = 11_Bookworm.app; sourceTree = BUILT_PRODUCTS_DIR; };
		D330BD4128E01FF600C72A05 /* _1_BookwormApp.swift */ = {isa = PBXFileReference; lastKnownFileType = sourcecode.swift; path = _1_BookwormApp.swift; sourceTree = "<group>"; };
		D330BD4328E01FF600C72A05 /* ContentView.swift */ = {isa = PBXFileReference; lastKnownFileType = sourcecode.swift; path = ContentView.swift; sourceTree = "<group>"; };
		D330BD4528E01FF800C72A05 /* Assets.xcassets */ = {isa = PBXFileReference; lastKnownFileType = folder.assetcatalog; path = Assets.xcassets; sourceTree = "<group>"; };
		D330BD4828E01FF800C72A05 /* Preview Assets.xcassets */ = {isa = PBXFileReference; lastKnownFileType = folder.assetcatalog; path = "Preview Assets.xcassets"; sourceTree = "<group>"; };
		D330BD5028E0265500C72A05 /* Bookworm.xcdatamodel */ = {isa = PBXFileReference; lastKnownFileType = wrapper.xcdatamodel; path = Bookworm.xcdatamodel; sourceTree = "<group>"; };
		D330BD5228E026A600C72A05 /* DataController.swift */ = {isa = PBXFileReference; lastKnownFileType = sourcecode.swift; path = DataController.swift; sourceTree = "<group>"; };
		D330BD5428E03A8C00C72A05 /* AddBookView.swift */ = {isa = PBXFileReference; lastKnownFileType = sourcecode.swift; path = AddBookView.swift; sourceTree = "<group>"; };
		D330BD5628E046A700C72A05 /* RatingView.swift */ = {isa = PBXFileReference; lastKnownFileType = sourcecode.swift; path = RatingView.swift; sourceTree = "<group>"; };
		D330BD5828E051AB00C72A05 /* EmojiRatingView.swift */ = {isa = PBXFileReference; lastKnownFileType = sourcecode.swift; path = EmojiRatingView.swift; sourceTree = "<group>"; };
		D330BD5A28E05E4D00C72A05 /* DetailView.swift */ = {isa = PBXFileReference; lastKnownFileType = sourcecode.swift; path = DetailView.swift; sourceTree = "<group>"; };
/* End PBXFileReference section */

/* Begin PBXFrameworksBuildPhase section */
		D330BD3B28E01FF600C72A05 /* Frameworks */ = {
			isa = PBXFrameworksBuildPhase;
			buildActionMask = 2147483647;
			files = (
			);
			runOnlyForDeploymentPostprocessing = 0;
		};
/* End PBXFrameworksBuildPhase section */

/* Begin PBXGroup section */
		D330BD3528E01FF600C72A05 = {
			isa = PBXGroup;
			children = (
				D330BD4028E01FF600C72A05 /* 11_Bookworm */,
				D330BD3F28E01FF600C72A05 /* Products */,
			);
			sourceTree = "<group>";
		};
		D330BD3F28E01FF600C72A05 /* Products */ = {
			isa = PBXGroup;
			children = (
				D330BD3E28E01FF600C72A05 /* 11_Bookworm.app */,
			);
			name = Products;
			sourceTree = "<group>";
		};
		D330BD4028E01FF600C72A05 /* 11_Bookworm */ = {
			isa = PBXGroup;
			children = (
				D330BD4128E01FF600C72A05 /* _1_BookwormApp.swift */,
				D330BD4328E01FF600C72A05 /* ContentView.swift */,
				D330BD5A28E05E4D00C72A05 /* DetailView.swift */,
				D330BD5228E026A600C72A05 /* DataController.swift */,
				D330BD5428E03A8C00C72A05 /* AddBookView.swift */,
				D330BD5628E046A700C72A05 /* RatingView.swift */,
				D330BD5828E051AB00C72A05 /* EmojiRatingView.swift */,
				D330BD4F28E0265500C72A05 /* Bookworm.xcdatamodeld */,
				D330BD4528E01FF800C72A05 /* Assets.xcassets */,
				D330BD4728E01FF800C72A05 /* Preview Content */,
			);
			path = 11_Bookworm;
			sourceTree = "<group>";
		};
		D330BD4728E01FF800C72A05 /* Preview Content */ = {
			isa = PBXGroup;
			children = (
				D330BD4828E01FF800C72A05 /* Preview Assets.xcassets */,
			);
			path = "Preview Content";
			sourceTree = "<group>";
		};
/* End PBXGroup section */

/* Begin PBXNativeTarget section */
		D330BD3D28E01FF600C72A05 /* 11_Bookworm */ = {
			isa = PBXNativeTarget;
			buildConfigurationList = D330BD4C28E01FF800C72A05 /* Build configuration list for PBXNativeTarget "11_Bookworm" */;
			buildPhases = (
				D330BD3A28E01FF600C72A05 /* Sources */,
				D330BD3B28E01FF600C72A05 /* Frameworks */,
				D330BD3C28E01FF600C72A05 /* Resources */,
			);
			buildRules = (
			);
			dependencies = (
			);
			name = 11_Bookworm;
			productName = 11_Bookworm;
			productReference = D330BD3E28E01FF600C72A05 /* 11_Bookworm.app */;
			productType = "com.apple.product-type.application";
		};
/* End PBXNativeTarget section */

/* Begin PBXProject section */
		D330BD3628E01FF600C72A05 /* Project object */ = {
			isa = PBXProject;
			attributes = {
				BuildIndependentTargetsInParallel = 1;
				LastSwiftUpdateCheck = 1340;
				LastUpgradeCheck = 1340;
				TargetAttributes = {
					D330BD3D28E01FF600C72A05 = {
						CreatedOnToolsVersion = 13.4.1;
					};
				};
			};
			buildConfigurationList = D330BD3928E01FF600C72A05 /* Build configuration list for PBXProject "11_Bookworm" */;
			compatibilityVersion = "Xcode 13.0";
			developmentRegion = en;
			hasScannedForEncodings = 0;
			knownRegions = (
				en,
				Base,
			);
			mainGroup = D330BD3528E01FF600C72A05;
			productRefGroup = D330BD3F28E01FF600C72A05 /* Products */;
			projectDirPath = "";
			projectRoot = "";
			targets = (
				D330BD3D28E01FF600C72A05 /* 11_Bookworm */,
			);
		};
/* End PBXProject section */

/* Begin PBXResourcesBuildPhase section */
		D330BD3C28E01FF600C72A05 /* Resources */ = {
			isa = PBXResourcesBuildPhase;
			buildActionMask = 2147483647;
			files = (
				D330BD4928E01FF800C72A05 /* Preview Assets.xcassets in Resources */,
				D330BD4628E01FF800C72A05 /* Assets.xcassets in Resources */,
			);
			runOnlyForDeploymentPostprocessing = 0;
		};
/* End PBXResourcesBuildPhase section */

/* Begin PBXSourcesBuildPhase section */
		D330BD3A28E01FF600C72A05 /* Sources */ = {
			isa = PBXSourcesBuildPhase;
			buildActionMask = 2147483647;
			files = (
				D330BD4428E01FF600C72A05 /* ContentView.swift in Sources */,
				D330BD5B28E05E4D00C72A05 /* DetailView.swift in Sources */,
				D330BD5328E026A600C72A05 /* DataController.swift in Sources */,
				D330BD5928E051AB00C72A05 /* EmojiRatingView.swift in Sources */,
				D330BD5128E0265500C72A05 /* Bookworm.xcdatamodeld in Sources */,
				D330BD5728E046A700C72A05 /* RatingView.swift in Sources */,
				D330BD4228E01FF600C72A05 /* _1_BookwormApp.swift in Sources */,
				D330BD5528E03A8C00C72A05 /* AddBookView.swift in Sources */,
			);
			runOnlyForDeploymentPostprocessing = 0;
		};
/* End PBXSourcesBuildPhase section */

/* Begin XCBuildConfiguration section */
		D330BD4A28E01FF800C72A05 /* Debug */ = {
			isa = XCBuildConfiguration;
			buildSettings = {
				ALWAYS_SEARCH_USER_PATHS = NO;
				CLANG_ANALYZER_NONNULL = YES;
				CLANG_ANALYZER_NUMBER_OBJECT_CONVERSION = YES_AGGRESSIVE;
				CLANG_CXX_LANGUAGE_STANDARD = "gnu++17";
				CLANG_ENABLE_MODULES = YES;
				CLANG_ENABLE_OBJC_ARC = YES;
				CLANG_ENABLE_OBJC_WEAK = YES;
				CLANG_WARN_BLOCK_CAPTURE_AUTORELEASING = YES;
				CLANG_WARN_BOOL_CONVERSION = YES;
				CLANG_WARN_COMMA = YES;
				CLANG_WARN_CONSTANT_CONVERSION = YES;
				CLANG_WARN_DEPRECATED_OBJC_IMPLEMENTATIONS = YES;
				CLANG_WARN_DIRECT_OBJC_ISA_USAGE = YES_ERROR;
				CLANG_WARN_DOCUMENTATION_COMMENTS = YES;
				CLANG_WARN_EMPTY_BODY = YES;
				CLANG_WARN_ENUM_CONVERSION = YES;
				CLANG_WARN_INFINITE_RECURSION = YES;
				CLANG_WARN_INT_CONVERSION = YES;
				CLANG_WARN_NON_LITERAL_NULL_CONVERSION = YES;
				CLANG_WARN_OBJC_IMPLICIT_RETAIN_SELF = YES;
				CLANG_WARN_OBJC_LITERAL_CONVERSION = YES;
				CLANG_WARN_OBJC_ROOT_CLASS = YES_ERROR;
				CLANG_WARN_QUOTED_INCLUDE_IN_FRAMEWORK_HEADER = YES;
				CLANG_WARN_RANGE_LOOP_ANALYSIS = YES;
				CLANG_WARN_STRICT_PROTOTYPES = YES;
				CLANG_WARN_SUSPICIOUS_MOVE = YES;
				CLANG_WARN_UNGUARDED_AVAILABILITY = YES_AGGRESSIVE;
				CLANG_WARN_UNREACHABLE_CODE = YES;
				CLANG_WARN__DUPLICATE_METHOD_MATCH = YES;
				COPY_PHASE_STRIP = NO;
				DEBUG_INFORMATION_FORMAT = dwarf;
				ENABLE_STRICT_OBJC_MSGSEND = YES;
				ENABLE_TESTABILITY = YES;
				GCC_C_LANGUAGE_STANDARD = gnu11;
				GCC_DYNAMIC_NO_PIC = NO;
				GCC_NO_COMMON_BLOCKS = YES;
				GCC_OPTIMIZATION_LEVEL = 0;
				GCC_PREPROCESSOR_DEFINITIONS = (
					"DEBUG=1",
					"$(inherited)",
				);
				GCC_WARN_64_TO_32_BIT_CONVERSION = YES;
				GCC_WARN_ABOUT_RETURN_TYPE = YES_ERROR;
				GCC_WARN_UNDECLARED_SELECTOR = YES;
				GCC_WARN_UNINITIALIZED_AUTOS = YES_AGGRESSIVE;
				GCC_WARN_UNUSED_FUNCTION = YES;
				GCC_WARN_UNUSED_VARIABLE = YES;
				IPHONEOS_DEPLOYMENT_TARGET = 15.5;
				MTL_ENABLE_DEBUG_INFO = INCLUDE_SOURCE;
				MTL_FAST_MATH = YES;
				ONLY_ACTIVE_ARCH = YES;
				SDKROOT = iphoneos;
				SWIFT_ACTIVE_COMPILATION_CONDITIONS = DEBUG;
				SWIFT_OPTIMIZATION_LEVEL = "-Onone";
			};
			name = Debug;
		};
		D330BD4B28E01FF800C72A05 /* Release */ = {
			isa = XCBuildConfiguration;
			buildSettings = {
				ALWAYS_SEARCH_USER_PATHS = NO;
				CLANG_ANALYZER_NONNULL = YES;
				CLANG_ANALYZER_NUMBER_OBJECT_CONVERSION = YES_AGGRESSIVE;
				CLANG_CXX_LANGUAGE_STANDARD = "gnu++17";
				CLANG_ENABLE_MODULES = YES;
				CLANG_ENABLE_OBJC_ARC = YES;
				CLANG_ENABLE_OBJC_WEAK = YES;
				CLANG_WARN_BLOCK_CAPTURE_AUTORELEASING = YES;
				CLANG_WARN_BOOL_CONVERSION = YES;
				CLANG_WARN_COMMA = YES;
				CLANG_WARN_CONSTANT_CONVERSION = YES;
				CLANG_WARN_DEPRECATED_OBJC_IMPLEMENTATIONS = YES;
				CLANG_WARN_DIRECT_OBJC_ISA_USAGE = YES_ERROR;
				CLANG_WARN_DOCUMENTATION_COMMENTS = YES;
				CLANG_WARN_EMPTY_BODY = YES;
				CLANG_WARN_ENUM_CONVERSION = YES;
				CLANG_WARN_INFINITE_RECURSION = YES;
				CLANG_WARN_INT_CONVERSION = YES;
				CLANG_WARN_NON_LITERAL_NULL_CONVERSION = YES;
				CLANG_WARN_OBJC_IMPLICIT_RETAIN_SELF = YES;
				CLANG_WARN_OBJC_LITERAL_CONVERSION = YES;
				CLANG_WARN_OBJC_ROOT_CLASS = YES_ERROR;
				CLANG_WARN_QUOTED_INCLUDE_IN_FRAMEWORK_HEADER = YES;
				CLANG_WARN_RANGE_LOOP_ANALYSIS = YES;
				CLANG_WARN_STRICT_PROTOTYPES = YES;
				CLANG_WARN_SUSPICIOUS_MOVE = YES;
				CLANG_WARN_UNGUARDED_AVAILABILITY = YES_AGGRESSIVE;
				CLANG_WARN_UNREACHABLE_CODE = YES;
				CLANG_WARN__DUPLICATE_METHOD_MATCH = YES;
				COPY_PHASE_STRIP = NO;
				DEBUG_INFORMATION_FORMAT = "dwarf-with-dsym";
				ENABLE_NS_ASSERTIONS = NO;
				ENABLE_STRICT_OBJC_MSGSEND = YES;
				GCC_C_LANGUAGE_STANDARD = gnu11;
				GCC_NO_COMMON_BLOCKS = YES;
				GCC_WARN_64_TO_32_BIT_CONVERSION = YES;
				GCC_WARN_ABOUT_RETURN_TYPE = YES_ERROR;
				GCC_WARN_UNDECLARED_SELECTOR = YES;
				GCC_WARN_UNINITIALIZED_AUTOS = YES_AGGRESSIVE;
				GCC_WARN_UNUSED_FUNCTION = YES;
				GCC_WARN_UNUSED_VARIABLE = YES;
				IPHONEOS_DEPLOYMENT_TARGET = 15.5;
				MTL_ENABLE_DEBUG_INFO = NO;
				MTL_FAST_MATH = YES;
				SDKROOT = iphoneos;
				SWIFT_COMPILATION_MODE = wholemodule;
				SWIFT_OPTIMIZATION_LEVEL = "-O";
				VALIDATE_PRODUCT = YES;
			};
			name = Release;
		};
		D330BD4D28E01FF800C72A05 /* Debug */ = {
			isa = XCBuildConfiguration;
			buildSettings = {
				ASSETCATALOG_COMPILER_APPICON_NAME = AppIcon;
				ASSETCATALOG_COMPILER_GLOBAL_ACCENT_COLOR_NAME = AccentColor;
				CODE_SIGN_STYLE = Automatic;
				CURRENT_PROJECT_VERSION = 1;
				DEVELOPMENT_ASSET_PATHS = "\"11_Bookworm/Preview Content\"";
				DEVELOPMENT_TEAM = 4JZ68K34BA;
				ENABLE_PREVIEWS = YES;
				GENERATE_INFOPLIST_FILE = YES;
				INFOPLIST_KEY_UIApplicationSceneManifest_Generation = YES;
				INFOPLIST_KEY_UIApplicationSupportsIndirectInputEvents = YES;
				INFOPLIST_KEY_UILaunchScreen_Generation = YES;
				INFOPLIST_KEY_UISupportedInterfaceOrientations_iPad = "UIInterfaceOrientationPortrait UIInterfaceOrientationPortraitUpsideDown UIInterfaceOrientationLandscapeLeft UIInterfaceOrientationLandscapeRight";
				INFOPLIST_KEY_UISupportedInterfaceOrientations_iPhone = "UIInterfaceOrientationPortrait UIInterfaceOrientationLandscapeLeft UIInterfaceOrientationLandscapeRight";
				LD_RUNPATH_SEARCH_PATHS = (
					"$(inherited)",
					"@executable_path/Frameworks",
				);
				MARKETING_VERSION = 1.0;
				PRODUCT_BUNDLE_IDENTIFIER = "com.larona.-1-Bookworm";
				PRODUCT_NAME = "$(TARGET_NAME)";
				SWIFT_EMIT_LOC_STRINGS = YES;
				SWIFT_VERSION = 5.0;
				TARGETED_DEVICE_FAMILY = "1,2";
			};
			name = Debug;
		};
		D330BD4E28E01FF800C72A05 /* Release */ = {
			isa = XCBuildConfiguration;
			buildSettings = {
				ASSETCATALOG_COMPILER_APPICON_NAME = AppIcon;
				ASSETCATALOG_COMPILER_GLOBAL_ACCENT_COLOR_NAME = AccentColor;
				CODE_SIGN_STYLE = Automatic;
				CURRENT_PROJECT_VERSION = 1;
				DEVELOPMENT_ASSET_PATHS = "\"11_Bookworm/Preview Content\"";
				DEVELOPMENT_TEAM = 4JZ68K34BA;
				ENABLE_PREVIEWS = YES;
				GENERATE_INFOPLIST_FILE = YES;
				INFOPLIST_KEY_UIApplicationSceneManifest_Generation = YES;
				INFOPLIST_KEY_UIApplicationSupportsIndirectInputEvents = YES;
				INFOPLIST_KEY_UILaunchScreen_Generation = YES;
				INFOPLIST_KEY_UISupportedInterfaceOrientations_iPad = "UIInterfaceOrientationPortrait UIInterfaceOrientationPortraitUpsideDown UIInterfaceOrientationLandscapeLeft UIInterfaceOrientationLandscapeRight";
				INFOPLIST_KEY_UISupportedInterfaceOrientations_iPhone = "UIInterfaceOrientationPortrait UIInterfaceOrientationLandscapeLeft UIInterfaceOrientationLandscapeRight";
				LD_RUNPATH_SEARCH_PATHS = (
					"$(inherited)",
					"@executable_path/Frameworks",
				);
				MARKETING_VERSION = 1.0;
				PRODUCT_BUNDLE_IDENTIFIER = "com.larona.-1-Bookworm";
				PRODUCT_NAME = "$(TARGET_NAME)";
				SWIFT_EMIT_LOC_STRINGS = YES;
				SWIFT_VERSION = 5.0;
				TARGETED_DEVICE_FAMILY = "1,2";
			};
			name = Release;
		};
/* End XCBuildConfiguration section */

/* Begin XCConfigurationList section */
		D330BD3928E01FF600C72A05 /* Build configuration list for PBXProject "11_Bookworm" */ = {
			isa = XCConfigurationList;
			buildConfigurations = (
				D330BD4A28E01FF800C72A05 /* Debug */,
				D330BD4B28E01FF800C72A05 /* Release */,
			);
			defaultConfigurationIsVisible = 0;
			defaultConfigurationName = Release;
		};
		D330BD4C28E01FF800C72A05 /* Build configuration list for PBXNativeTarget "11_Bookworm" */ = {
			isa = XCConfigurationList;
			buildConfigurations = (
				D330BD4D28E01FF800C72A05 /* Debug */,
				D330BD4E28E01FF800C72A05 /* Release */,
			);
			defaultConfigurationIsVisible = 0;
			defaultConfigurationName = Release;
		};
/* End XCConfigurationList section */

/* Begin XCVersionGroup section */
		D330BD4F28E0265500C72A05 /* Bookworm.xcdatamodeld */ = {
			isa = XCVersionGroup;
			children = (
				D330BD5028E0265500C72A05 /* Bookworm.xcdatamodel */,
			);
			currentVersion = D330BD5028E0265500C72A05 /* Bookworm.xcdatamodel */;
			path = Bookworm.xcdatamodeld;
			sourceTree = "<group>";
			versionGroupType = wrapper.xcdatamodel;
		};
/* End XCVersionGroup section */
	};
	rootObject = D330BD3628E01FF600C72A05 /* Project object */;
}
