// !$*UTF8*$!
{
	archiveVersion = 1;
	classes = {
	};
	objectVersion = 55;
	objects = {

/* Begin PBXBuildFile section */
		D3EB0E5328CB3E33006BF1FF /* _7_iExpenseApp.swift in Sources */ = {isa = PBXBuildFile; fileRef = D3EB0E5228CB3E33006BF1FF /* _7_iExpenseApp.swift */; };
		D3EB0E5528CB3E33006BF1FF /* ContentView.swift in Sources */ = {isa = PBXBuildFile; fileRef = D3EB0E5428CB3E33006BF1FF /* ContentView.swift */; };
		D3EB0E5728CB3E35006BF1FF /* Assets.xcassets in Resources */ = {isa = PBXBuildFile; fileRef = D3EB0E5628CB3E35006BF1FF /* Assets.xcassets */; };
		D3EB0E5A28CB3E35006BF1FF /* Preview Assets.xcassets in Resources */ = {isa = PBXBuildFile; fileRef = D3EB0E5928CB3E35006BF1FF /* Preview Assets.xcassets */; };
		D3EB0E6128CB53A7006BF1FF /* ExpenseItem.swift in Sources */ = {isa = PBXBuildFile; fileRef = D3EB0E6028CB53A7006BF1FF /* ExpenseItem.swift */; };
		D3EB0E6328CB543D006BF1FF /* Expenses.swift in Sources */ = {isa = PBXBuildFile; fileRef = D3EB0E6228CB543D006BF1FF /* Expenses.swift */; };
		D3EB0E6528CB5997006BF1FF /* AddView.swift in Sources */ = {isa = PBXBuildFile; fileRef = D3EB0E6428CB5997006BF1FF /* AddView.swift */; };
		D3EB0E6728CF1BD1006BF1FF /* LocalCurrency.swift in Sources */ = {isa = PBXBuildFile; fileRef = D3EB0E6628CF1BD1006BF1FF /* LocalCurrency.swift */; };
		D3EB0E6928CF1D58006BF1FF /* View-ExpenseStyle.swift in Sources */ = {isa = PBXBuildFile; fileRef = D3EB0E6828CF1D58006BF1FF /* View-ExpenseStyle.swift */; };
		D3EB0E6B28CF2640006BF1FF /* ExpenseSection.swift in Sources */ = {isa = PBXBuildFile; fileRef = D3EB0E6A28CF2640006BF1FF /* ExpenseSection.swift */; };
/* End PBXBuildFile section */

/* Begin PBXFileReference section */
		D3EB0E4F28CB3E33006BF1FF /* 07_iExpense.app */ = {isa = PBXFileReference; explicitFileType = wrapper.application; includeInIndex = 0; path = 07_iExpense.app; sourceTree = BUILT_PRODUCTS_DIR; };
		D3EB0E5228CB3E33006BF1FF /* _7_iExpenseApp.swift */ = {isa = PBXFileReference; lastKnownFileType = sourcecode.swift; path = _7_iExpenseApp.swift; sourceTree = "<group>"; };
		D3EB0E5428CB3E33006BF1FF /* ContentView.swift */ = {isa = PBXFileReference; lastKnownFileType = sourcecode.swift; path = ContentView.swift; sourceTree = "<group>"; };
		D3EB0E5628CB3E35006BF1FF /* Assets.xcassets */ = {isa = PBXFileReference; lastKnownFileType = folder.assetcatalog; path = Assets.xcassets; sourceTree = "<group>"; };
		D3EB0E5928CB3E35006BF1FF /* Preview Assets.xcassets */ = {isa = PBXFileReference; lastKnownFileType = folder.assetcatalog; path = "Preview Assets.xcassets"; sourceTree = "<group>"; };
		D3EB0E6028CB53A7006BF1FF /* ExpenseItem.swift */ = {isa = PBXFileReference; lastKnownFileType = sourcecode.swift; path = ExpenseItem.swift; sourceTree = "<group>"; };
		D3EB0E6228CB543D006BF1FF /* Expenses.swift */ = {isa = PBXFileReference; lastKnownFileType = sourcecode.swift; path = Expenses.swift; sourceTree = "<group>"; };
		D3EB0E6428CB5997006BF1FF /* AddView.swift */ = {isa = PBXFileReference; lastKnownFileType = sourcecode.swift; path = AddView.swift; sourceTree = "<group>"; };
		D3EB0E6628CF1BD1006BF1FF /* LocalCurrency.swift */ = {isa = PBXFileReference; lastKnownFileType = sourcecode.swift; path = LocalCurrency.swift; sourceTree = "<group>"; };
		D3EB0E6828CF1D58006BF1FF /* View-ExpenseStyle.swift */ = {isa = PBXFileReference; lastKnownFileType = sourcecode.swift; path = "View-ExpenseStyle.swift"; sourceTree = "<group>"; };
		D3EB0E6A28CF2640006BF1FF /* ExpenseSection.swift */ = {isa = PBXFileReference; lastKnownFileType = sourcecode.swift; path = ExpenseSection.swift; sourceTree = "<group>"; };
/* End PBXFileReference section */

/* Begin PBXFrameworksBuildPhase section */
		D3EB0E4C28CB3E33006BF1FF /* Frameworks */ = {
			isa = PBXFrameworksBuildPhase;
			buildActionMask = 2147483647;
			files = (
			);
			runOnlyForDeploymentPostprocessing = 0;
		};
/* End PBXFrameworksBuildPhase section */

/* Begin PBXGroup section */
		D3EB0E4628CB3E33006BF1FF = {
			isa = PBXGroup;
			children = (
				D3EB0E5128CB3E33006BF1FF /* 07_iExpense */,
				D3EB0E5028CB3E33006BF1FF /* Products */,
			);
			sourceTree = "<group>";
		};
		D3EB0E5028CB3E33006BF1FF /* Products */ = {
			isa = PBXGroup;
			children = (
				D3EB0E4F28CB3E33006BF1FF /* 07_iExpense.app */,
			);
			name = Products;
			sourceTree = "<group>";
		};
		D3EB0E5128CB3E33006BF1FF /* 07_iExpense */ = {
			isa = PBXGroup;
			children = (
				D3EB0E5228CB3E33006BF1FF /* _7_iExpenseApp.swift */,
				D3EB0E5428CB3E33006BF1FF /* ContentView.swift */,
				D3EB0E6A28CF2640006BF1FF /* ExpenseSection.swift */,
				D3EB0E6828CF1D58006BF1FF /* View-ExpenseStyle.swift */,
				D3EB0E6428CB5997006BF1FF /* AddView.swift */,
				D3EB0E6628CF1BD1006BF1FF /* LocalCurrency.swift */,
				D3EB0E6028CB53A7006BF1FF /* ExpenseItem.swift */,
				D3EB0E6228CB543D006BF1FF /* Expenses.swift */,
				D3EB0E5628CB3E35006BF1FF /* Assets.xcassets */,
				D3EB0E5828CB3E35006BF1FF /* Preview Content */,
			);
			path = 07_iExpense;
			sourceTree = "<group>";
		};
		D3EB0E5828CB3E35006BF1FF /* Preview Content */ = {
			isa = PBXGroup;
			children = (
				D3EB0E5928CB3E35006BF1FF /* Preview Assets.xcassets */,
			);
			path = "Preview Content";
			sourceTree = "<group>";
		};
/* End PBXGroup section */

/* Begin PBXNativeTarget section */
		D3EB0E4E28CB3E33006BF1FF /* 07_iExpense */ = {
			isa = PBXNativeTarget;
			buildConfigurationList = D3EB0E5D28CB3E35006BF1FF /* Build configuration list for PBXNativeTarget "07_iExpense" */;
			buildPhases = (
				D3EB0E4B28CB3E33006BF1FF /* Sources */,
				D3EB0E4C28CB3E33006BF1FF /* Frameworks */,
				D3EB0E4D28CB3E33006BF1FF /* Resources */,
			);
			buildRules = (
			);
			dependencies = (
			);
			name = 07_iExpense;
			productName = 07_iExpense;
			productReference = D3EB0E4F28CB3E33006BF1FF /* 07_iExpense.app */;
			productType = "com.apple.product-type.application";
		};
/* End PBXNativeTarget section */

/* Begin PBXProject section */
		D3EB0E4728CB3E33006BF1FF /* Project object */ = {
			isa = PBXProject;
			attributes = {
				BuildIndependentTargetsInParallel = 1;
				LastSwiftUpdateCheck = 1340;
				LastUpgradeCheck = 1340;
				TargetAttributes = {
					D3EB0E4E28CB3E33006BF1FF = {
						CreatedOnToolsVersion = 13.4.1;
					};
				};
			};
			buildConfigurationList = D3EB0E4A28CB3E33006BF1FF /* Build configuration list for PBXProject "07_iExpense" */;
			compatibilityVersion = "Xcode 13.0";
			developmentRegion = en;
			hasScannedForEncodings = 0;
			knownRegions = (
				en,
				Base,
			);
			mainGroup = D3EB0E4628CB3E33006BF1FF;
			productRefGroup = D3EB0E5028CB3E33006BF1FF /* Products */;
			projectDirPath = "";
			projectRoot = "";
			targets = (
				D3EB0E4E28CB3E33006BF1FF /* 07_iExpense */,
			);
		};
/* End PBXProject section */

/* Begin PBXResourcesBuildPhase section */
		D3EB0E4D28CB3E33006BF1FF /* Resources */ = {
			isa = PBXResourcesBuildPhase;
			buildActionMask = 2147483647;
			files = (
				D3EB0E5A28CB3E35006BF1FF /* Preview Assets.xcassets in Resources */,
				D3EB0E5728CB3E35006BF1FF /* Assets.xcassets in Resources */,
			);
			runOnlyForDeploymentPostprocessing = 0;
		};
/* End PBXResourcesBuildPhase section */

/* Begin PBXSourcesBuildPhase section */
		D3EB0E4B28CB3E33006BF1FF /* Sources */ = {
			isa = PBXSourcesBuildPhase;
			buildActionMask = 2147483647;
			files = (
				D3EB0E6328CB543D006BF1FF /* Expenses.swift in Sources */,
				D3EB0E5528CB3E33006BF1FF /* ContentView.swift in Sources */,
				D3EB0E6728CF1BD1006BF1FF /* LocalCurrency.swift in Sources */,
				D3EB0E6928CF1D58006BF1FF /* View-ExpenseStyle.swift in Sources */,
				D3EB0E6B28CF2640006BF1FF /* ExpenseSection.swift in Sources */,
				D3EB0E6528CB5997006BF1FF /* AddView.swift in Sources */,
				D3EB0E6128CB53A7006BF1FF /* ExpenseItem.swift in Sources */,
				D3EB0E5328CB3E33006BF1FF /* _7_iExpenseApp.swift in Sources */,
			);
			runOnlyForDeploymentPostprocessing = 0;
		};
/* End PBXSourcesBuildPhase section */

/* Begin XCBuildConfiguration section */
		D3EB0E5B28CB3E35006BF1FF /* Debug */ = {
			isa = XCBuildConfiguration;
			buildSettings = {
				ALWAYS_SEARCH_USER_PATHS = NO;
				CLANG_ANALYZER_NONNULL = YES;
				CLANG_ANALYZER_NUMBER_OBJECT_CONVERSION = YES_AGGRESSIVE;
				CLANG_CXX_LANGUAGE_STANDARD = "gnu++17";
				CLANG_ENABLE_MODULES = YES;
				CLANG_ENABLE_OBJC_ARC = YES;
				CLANG_ENABLE_OBJC_WEAK = YES;
				CLANG_WARN_BLOCK_CAPTURE_AUTORELEASING = YES;
				CLANG_WARN_BOOL_CONVERSION = YES;
				CLANG_WARN_COMMA = YES;
				CLANG_WARN_CONSTANT_CONVERSION = YES;
				CLANG_WARN_DEPRECATED_OBJC_IMPLEMENTATIONS = YES;
				CLANG_WARN_DIRECT_OBJC_ISA_USAGE = YES_ERROR;
				CLANG_WARN_DOCUMENTATION_COMMENTS = YES;
				CLANG_WARN_EMPTY_BODY = YES;
				CLANG_WARN_ENUM_CONVERSION = YES;
				CLANG_WARN_INFINITE_RECURSION = YES;
				CLANG_WARN_INT_CONVERSION = YES;
				CLANG_WARN_NON_LITERAL_NULL_CONVERSION = YES;
				CLANG_WARN_OBJC_IMPLICIT_RETAIN_SELF = YES;
				CLANG_WARN_OBJC_LITERAL_CONVERSION = YES;
				CLANG_WARN_OBJC_ROOT_CLASS = YES_ERROR;
				CLANG_WARN_QUOTED_INCLUDE_IN_FRAMEWORK_HEADER = YES;
				CLANG_WARN_RANGE_LOOP_ANALYSIS = YES;
				CLANG_WARN_STRICT_PROTOTYPES = YES;
				CLANG_WARN_SUSPICIOUS_MOVE = YES;
				CLANG_WARN_UNGUARDED_AVAILABILITY = YES_AGGRESSIVE;
				CLANG_WARN_UNREACHABLE_CODE = YES;
				CLANG_WARN__DUPLICATE_METHOD_MATCH = YES;
				COPY_PHASE_STRIP = NO;
				DEBUG_INFORMATION_FORMAT = dwarf;
				ENABLE_STRICT_OBJC_MSGSEND = YES;
				ENABLE_TESTABILITY = YES;
				GCC_C_LANGUAGE_STANDARD = gnu11;
				GCC_DYNAMIC_NO_PIC = NO;
				GCC_NO_COMMON_BLOCKS = YES;
				GCC_OPTIMIZATION_LEVEL = 0;
				GCC_PREPROCESSOR_DEFINITIONS = (
					"DEBUG=1",
					"$(inherited)",
				);
				GCC_WARN_64_TO_32_BIT_CONVERSION = YES;
				GCC_WARN_ABOUT_RETURN_TYPE = YES_ERROR;
				GCC_WARN_UNDECLARED_SELECTOR = YES;
				GCC_WARN_UNINITIALIZED_AUTOS = YES_AGGRESSIVE;
				GCC_WARN_UNUSED_FUNCTION = YES;
				GCC_WARN_UNUSED_VARIABLE = YES;
				IPHONEOS_DEPLOYMENT_TARGET = 15.5;
				MTL_ENABLE_DEBUG_INFO = INCLUDE_SOURCE;
				MTL_FAST_MATH = YES;
				ONLY_ACTIVE_ARCH = YES;
				SDKROOT = iphoneos;
				SWIFT_ACTIVE_COMPILATION_CONDITIONS = DEBUG;
				SWIFT_OPTIMIZATION_LEVEL = "-Onone";
			};
			name = Debug;
		};
		D3EB0E5C28CB3E35006BF1FF /* Release */ = {
			isa = XCBuildConfiguration;
			buildSettings = {
				ALWAYS_SEARCH_USER_PATHS = NO;
				CLANG_ANALYZER_NONNULL = YES;
				CLANG_ANALYZER_NUMBER_OBJECT_CONVERSION = YES_AGGRESSIVE;
				CLANG_CXX_LANGUAGE_STANDARD = "gnu++17";
				CLANG_ENABLE_MODULES = YES;
				CLANG_ENABLE_OBJC_ARC = YES;
				CLANG_ENABLE_OBJC_WEAK = YES;
				CLANG_WARN_BLOCK_CAPTURE_AUTORELEASING = YES;
				CLANG_WARN_BOOL_CONVERSION = YES;
				CLANG_WARN_COMMA = YES;
				CLANG_WARN_CONSTANT_CONVERSION = YES;
				CLANG_WARN_DEPRECATED_OBJC_IMPLEMENTATIONS = YES;
				CLANG_WARN_DIRECT_OBJC_ISA_USAGE = YES_ERROR;
				CLANG_WARN_DOCUMENTATION_COMMENTS = YES;
				CLANG_WARN_EMPTY_BODY = YES;
				CLANG_WARN_ENUM_CONVERSION = YES;
				CLANG_WARN_INFINITE_RECURSION = YES;
				CLANG_WARN_INT_CONVERSION = YES;
				CLANG_WARN_NON_LITERAL_NULL_CONVERSION = YES;
				CLANG_WARN_OBJC_IMPLICIT_RETAIN_SELF = YES;
				CLANG_WARN_OBJC_LITERAL_CONVERSION = YES;
				CLANG_WARN_OBJC_ROOT_CLASS = YES_ERROR;
				CLANG_WARN_QUOTED_INCLUDE_IN_FRAMEWORK_HEADER = YES;
				CLANG_WARN_RANGE_LOOP_ANALYSIS = YES;
				CLANG_WARN_STRICT_PROTOTYPES = YES;
				CLANG_WARN_SUSPICIOUS_MOVE = YES;
				CLANG_WARN_UNGUARDED_AVAILABILITY = YES_AGGRESSIVE;
				CLANG_WARN_UNREACHABLE_CODE = YES;
				CLANG_WARN__DUPLICATE_METHOD_MATCH = YES;
				COPY_PHASE_STRIP = NO;
				DEBUG_INFORMATION_FORMAT = "dwarf-with-dsym";
				ENABLE_NS_ASSERTIONS = NO;
				ENABLE_STRICT_OBJC_MSGSEND = YES;
				GCC_C_LANGUAGE_STANDARD = gnu11;
				GCC_NO_COMMON_BLOCKS = YES;
				GCC_WARN_64_TO_32_BIT_CONVERSION = YES;
				GCC_WARN_ABOUT_RETURN_TYPE = YES_ERROR;
				GCC_WARN_UNDECLARED_SELECTOR = YES;
				GCC_WARN_UNINITIALIZED_AUTOS = YES_AGGRESSIVE;
				GCC_WARN_UNUSED_FUNCTION = YES;
				GCC_WARN_UNUSED_VARIABLE = YES;
				IPHONEOS_DEPLOYMENT_TARGET = 15.5;
				MTL_ENABLE_DEBUG_INFO = NO;
				MTL_FAST_MATH = YES;
				SDKROOT = iphoneos;
				SWIFT_COMPILATION_MODE = wholemodule;
				SWIFT_OPTIMIZATION_LEVEL = "-O";
				VALIDATE_PRODUCT = YES;
			};
			name = Release;
		};
		D3EB0E5E28CB3E35006BF1FF /* Debug */ = {
			isa = XCBuildConfiguration;
			buildSettings = {
				ASSETCATALOG_COMPILER_APPICON_NAME = AppIcon;
				ASSETCATALOG_COMPILER_GLOBAL_ACCENT_COLOR_NAME = AccentColor;
				CODE_SIGN_STYLE = Automatic;
				CURRENT_PROJECT_VERSION = 1;
				DEVELOPMENT_ASSET_PATHS = "\"07_iExpense/Preview Content\"";
				DEVELOPMENT_TEAM = 4JZ68K34BA;
				ENABLE_PREVIEWS = YES;
				GENERATE_INFOPLIST_FILE = YES;
				INFOPLIST_KEY_UIApplicationSceneManifest_Generation = YES;
				INFOPLIST_KEY_UIApplicationSupportsIndirectInputEvents = YES;
				INFOPLIST_KEY_UILaunchScreen_Generation = YES;
				INFOPLIST_KEY_UISupportedInterfaceOrientations_iPad = "UIInterfaceOrientationPortrait UIInterfaceOrientationPortraitUpsideDown UIInterfaceOrientationLandscapeLeft UIInterfaceOrientationLandscapeRight";
				INFOPLIST_KEY_UISupportedInterfaceOrientations_iPhone = "UIInterfaceOrientationPortrait UIInterfaceOrientationLandscapeLeft UIInterfaceOrientationLandscapeRight";
				LD_RUNPATH_SEARCH_PATHS = (
					"$(inherited)",
					"@executable_path/Frameworks",
				);
				MARKETING_VERSION = 1.0;
				PRODUCT_BUNDLE_IDENTIFIER = "com.larona.-7-iExpense";
				PRODUCT_NAME = "$(TARGET_NAME)";
				SWIFT_EMIT_LOC_STRINGS = YES;
				SWIFT_VERSION = 5.0;
				TARGETED_DEVICE_FAMILY = "1,2";
			};
			name = Debug;
		};
		D3EB0E5F28CB3E35006BF1FF /* Release */ = {
			isa = XCBuildConfiguration;
			buildSettings = {
				ASSETCATALOG_COMPILER_APPICON_NAME = AppIcon;
				ASSETCATALOG_COMPILER_GLOBAL_ACCENT_COLOR_NAME = AccentColor;
				CODE_SIGN_STYLE = Automatic;
				CURRENT_PROJECT_VERSION = 1;
				DEVELOPMENT_ASSET_PATHS = "\"07_iExpense/Preview Content\"";
				DEVELOPMENT_TEAM = 4JZ68K34BA;
				ENABLE_PREVIEWS = YES;
				GENERATE_INFOPLIST_FILE = YES;
				INFOPLIST_KEY_UIApplicationSceneManifest_Generation = YES;
				INFOPLIST_KEY_UIApplicationSupportsIndirectInputEvents = YES;
				INFOPLIST_KEY_UILaunchScreen_Generation = YES;
				INFOPLIST_KEY_UISupportedInterfaceOrientations_iPad = "UIInterfaceOrientationPortrait UIInterfaceOrientationPortraitUpsideDown UIInterfaceOrientationLandscapeLeft UIInterfaceOrientationLandscapeRight";
				INFOPLIST_KEY_UISupportedInterfaceOrientations_iPhone = "UIInterfaceOrientationPortrait UIInterfaceOrientationLandscapeLeft UIInterfaceOrientationLandscapeRight";
				LD_RUNPATH_SEARCH_PATHS = (
					"$(inherited)",
					"@executable_path/Frameworks",
				);
				MARKETING_VERSION = 1.0;
				PRODUCT_BUNDLE_IDENTIFIER = "com.larona.-7-iExpense";
				PRODUCT_NAME = "$(TARGET_NAME)";
				SWIFT_EMIT_LOC_STRINGS = YES;
				SWIFT_VERSION = 5.0;
				TARGETED_DEVICE_FAMILY = "1,2";
			};
			name = Release;
		};
/* End XCBuildConfiguration section */

/* Begin XCConfigurationList section */
		D3EB0E4A28CB3E33006BF1FF /* Build configuration list for PBXProject "07_iExpense" */ = {
			isa = XCConfigurationList;
			buildConfigurations = (
				D3EB0E5B28CB3E35006BF1FF /* Debug */,
				D3EB0E5C28CB3E35006BF1FF /* Release */,
			);
			defaultConfigurationIsVisible = 0;
			defaultConfigurationName = Release;
		};
		D3EB0E5D28CB3E35006BF1FF /* Build configuration list for PBXNativeTarget "07_iExpense" */ = {
			isa = XCConfigurationList;
			buildConfigurations = (
				D3EB0E5E28CB3E35006BF1FF /* Debug */,
				D3EB0E5F28CB3E35006BF1FF /* Release */,
			);
			defaultConfigurationIsVisible = 0;
			defaultConfigurationName = Release;
		};
/* End XCConfigurationList section */
	};
	rootObject = D3EB0E4728CB3E33006BF1FF /* Project object */;
}
