// !$*UTF8*$!
{
	archiveVersion = 1;
	classes = {
	};
	objectVersion = 55;
	objects = {

/* Begin PBXBuildFile section */
		D379405228CF56D400239E76 /* Astronaut.swift in Sources */ = {isa = PBXBuildFile; fileRef = D379405128CF56D400239E76 /* Astronaut.swift */; };
		D379405428CF574100239E76 /* Bundle_Decodable.swift in Sources */ = {isa = PBXBuildFile; fileRef = D379405328CF574100239E76 /* Bundle_Decodable.swift */; };
		D379405628CF5A6C00239E76 /* Mission.swift in Sources */ = {isa = PBXBuildFile; fileRef = D379405528CF5A6C00239E76 /* Mission.swift */; };
		D379405828CF650B00239E76 /* ColorTheme.swift in Sources */ = {isa = PBXBuildFile; fileRef = D379405728CF650B00239E76 /* ColorTheme.swift */; };
		D379405A28D06B6200239E76 /* MissionView.swift in Sources */ = {isa = PBXBuildFile; fileRef = D379405928D06B6200239E76 /* MissionView.swift */; };
		D379405C28D077A000239E76 /* AstronautView.swift in Sources */ = {isa = PBXBuildFile; fileRef = D379405B28D077A000239E76 /* AstronautView.swift */; };
		D379405E28D0816F00239E76 /* astronauts.json in Resources */ = {isa = PBXBuildFile; fileRef = D379405D28D0816F00239E76 /* astronauts.json */; };
		D379406028D0817600239E76 /* missions.json in Resources */ = {isa = PBXBuildFile; fileRef = D379405F28D0817600239E76 /* missions.json */; };
		D3EB0E7928CF2FFC006BF1FF /* _8_MoonshotApp.swift in Sources */ = {isa = PBXBuildFile; fileRef = D3EB0E7828CF2FFC006BF1FF /* _8_MoonshotApp.swift */; };
		D3EB0E7B28CF2FFC006BF1FF /* ContentView.swift in Sources */ = {isa = PBXBuildFile; fileRef = D3EB0E7A28CF2FFC006BF1FF /* ContentView.swift */; };
		D3EB0E7D28CF2FFD006BF1FF /* Assets.xcassets in Resources */ = {isa = PBXBuildFile; fileRef = D3EB0E7C28CF2FFD006BF1FF /* Assets.xcassets */; };
		D3EB0E8028CF2FFD006BF1FF /* Preview Assets.xcassets in Resources */ = {isa = PBXBuildFile; fileRef = D3EB0E7F28CF2FFD006BF1FF /* Preview Assets.xcassets */; };
/* End PBXBuildFile section */

/* Begin PBXFileReference section */
		D379405128CF56D400239E76 /* Astronaut.swift */ = {isa = PBXFileReference; lastKnownFileType = sourcecode.swift; path = Astronaut.swift; sourceTree = "<group>"; };
		D379405328CF574100239E76 /* Bundle_Decodable.swift */ = {isa = PBXFileReference; lastKnownFileType = sourcecode.swift; path = Bundle_Decodable.swift; sourceTree = "<group>"; };
		D379405528CF5A6C00239E76 /* Mission.swift */ = {isa = PBXFileReference; lastKnownFileType = sourcecode.swift; path = Mission.swift; sourceTree = SOURCE_ROOT; };
		D379405728CF650B00239E76 /* ColorTheme.swift */ = {isa = PBXFileReference; lastKnownFileType = sourcecode.swift; path = ColorTheme.swift; sourceTree = SOURCE_ROOT; };
		D379405928D06B6200239E76 /* MissionView.swift */ = {isa = PBXFileReference; lastKnownFileType = sourcecode.swift; path = MissionView.swift; sourceTree = "<group>"; };
		D379405B28D077A000239E76 /* AstronautView.swift */ = {isa = PBXFileReference; lastKnownFileType = sourcecode.swift; path = AstronautView.swift; sourceTree = "<group>"; };
		D379405D28D0816F00239E76 /* astronauts.json */ = {isa = PBXFileReference; fileEncoding = 4; lastKnownFileType = text.json; path = astronauts.json; sourceTree = "<group>"; };
		D379405F28D0817600239E76 /* missions.json */ = {isa = PBXFileReference; fileEncoding = 4; lastKnownFileType = text.json; path = missions.json; sourceTree = "<group>"; };
		D3EB0E7528CF2FFC006BF1FF /* 08_Moonshot.app */ = {isa = PBXFileReference; explicitFileType = wrapper.application; includeInIndex = 0; path = 08_Moonshot.app; sourceTree = BUILT_PRODUCTS_DIR; };
		D3EB0E7828CF2FFC006BF1FF /* _8_MoonshotApp.swift */ = {isa = PBXFileReference; lastKnownFileType = sourcecode.swift; path = _8_MoonshotApp.swift; sourceTree = "<group>"; };
		D3EB0E7A28CF2FFC006BF1FF /* ContentView.swift */ = {isa = PBXFileReference; lastKnownFileType = sourcecode.swift; path = ContentView.swift; sourceTree = "<group>"; };
		D3EB0E7C28CF2FFD006BF1FF /* Assets.xcassets */ = {isa = PBXFileReference; lastKnownFileType = folder.assetcatalog; path = Assets.xcassets; sourceTree = "<group>"; };
		D3EB0E7F28CF2FFD006BF1FF /* Preview Assets.xcassets */ = {isa = PBXFileReference; lastKnownFileType = folder.assetcatalog; path = "Preview Assets.xcassets"; sourceTree = "<group>"; };
/* End PBXFileReference section */

/* Begin PBXFrameworksBuildPhase section */
		D3EB0E7228CF2FFC006BF1FF /* Frameworks */ = {
			isa = PBXFrameworksBuildPhase;
			buildActionMask = 2147483647;
			files = (
			);
			runOnlyForDeploymentPostprocessing = 0;
		};
/* End PBXFrameworksBuildPhase section */

/* Begin PBXGroup section */
		D3EB0E6C28CF2FFC006BF1FF = {
			isa = PBXGroup;
			children = (
				D3EB0E7728CF2FFC006BF1FF /* 08_Moonshot */,
				D3EB0E7628CF2FFC006BF1FF /* Products */,
			);
			sourceTree = "<group>";
		};
		D3EB0E7628CF2FFC006BF1FF /* Products */ = {
			isa = PBXGroup;
			children = (
				D3EB0E7528CF2FFC006BF1FF /* 08_Moonshot.app */,
			);
			name = Products;
			sourceTree = "<group>";
		};
		D3EB0E7728CF2FFC006BF1FF /* 08_Moonshot */ = {
			isa = PBXGroup;
			children = (
				D3EB0E7828CF2FFC006BF1FF /* _8_MoonshotApp.swift */,
				D379405128CF56D400239E76 /* Astronaut.swift */,
				D3EB0E7A28CF2FFC006BF1FF /* ContentView.swift */,
				D379405928D06B6200239E76 /* MissionView.swift */,
				D379405B28D077A000239E76 /* AstronautView.swift */,
				D379405728CF650B00239E76 /* ColorTheme.swift */,
				D379405328CF574100239E76 /* Bundle_Decodable.swift */,
				D379405528CF5A6C00239E76 /* Mission.swift */,
				D379405D28D0816F00239E76 /* astronauts.json */,
				D379405F28D0817600239E76 /* missions.json */,
				D3EB0E7C28CF2FFD006BF1FF /* Assets.xcassets */,
				D3EB0E7E28CF2FFD006BF1FF /* Preview Content */,
			);
			path = 08_Moonshot;
			sourceTree = "<group>";
		};
		D3EB0E7E28CF2FFD006BF1FF /* Preview Content */ = {
			isa = PBXGroup;
			children = (
				D3EB0E7F28CF2FFD006BF1FF /* Preview Assets.xcassets */,
			);
			path = "Preview Content";
			sourceTree = "<group>";
		};
/* End PBXGroup section */

/* Begin PBXNativeTarget section */
		D3EB0E7428CF2FFC006BF1FF /* 08_Moonshot */ = {
			isa = PBXNativeTarget;
			buildConfigurationList = D3EB0E8328CF2FFD006BF1FF /* Build configuration list for PBXNativeTarget "08_Moonshot" */;
			buildPhases = (
				D3EB0E7128CF2FFC006BF1FF /* Sources */,
				D3EB0E7228CF2FFC006BF1FF /* Frameworks */,
				D3EB0E7328CF2FFC006BF1FF /* Resources */,
			);
			buildRules = (
			);
			dependencies = (
			);
			name = 08_Moonshot;
			productName = 08_Moonshot;
			productReference = D3EB0E7528CF2FFC006BF1FF /* 08_Moonshot.app */;
			productType = "com.apple.product-type.application";
		};
/* End PBXNativeTarget section */

/* Begin PBXProject section */
		D3EB0E6D28CF2FFC006BF1FF /* Project object */ = {
			isa = PBXProject;
			attributes = {
				BuildIndependentTargetsInParallel = 1;
				LastSwiftUpdateCheck = 1340;
				LastUpgradeCheck = 1340;
				TargetAttributes = {
					D3EB0E7428CF2FFC006BF1FF = {
						CreatedOnToolsVersion = 13.4.1;
					};
				};
			};
			buildConfigurationList = D3EB0E7028CF2FFC006BF1FF /* Build configuration list for PBXProject "08_Moonshot" */;
			compatibilityVersion = "Xcode 13.0";
			developmentRegion = en;
			hasScannedForEncodings = 0;
			knownRegions = (
				en,
				Base,
			);
			mainGroup = D3EB0E6C28CF2FFC006BF1FF;
			productRefGroup = D3EB0E7628CF2FFC006BF1FF /* Products */;
			projectDirPath = "";
			projectRoot = "";
			targets = (
				D3EB0E7428CF2FFC006BF1FF /* 08_Moonshot */,
			);
		};
/* End PBXProject section */

/* Begin PBXResourcesBuildPhase section */
		D3EB0E7328CF2FFC006BF1FF /* Resources */ = {
			isa = PBXResourcesBuildPhase;
			buildActionMask = 2147483647;
			files = (
				D379405E28D0816F00239E76 /* astronauts.json in Resources */,
				D3EB0E8028CF2FFD006BF1FF /* Preview Assets.xcassets in Resources */,
				D379406028D0817600239E76 /* missions.json in Resources */,
				D3EB0E7D28CF2FFD006BF1FF /* Assets.xcassets in Resources */,
			);
			runOnlyForDeploymentPostprocessing = 0;
		};
/* End PBXResourcesBuildPhase section */

/* Begin PBXSourcesBuildPhase section */
		D3EB0E7128CF2FFC006BF1FF /* Sources */ = {
			isa = PBXSourcesBuildPhase;
			buildActionMask = 2147483647;
			files = (
				D379405A28D06B6200239E76 /* MissionView.swift in Sources */,
				D379405228CF56D400239E76 /* Astronaut.swift in Sources */,
				D379405C28D077A000239E76 /* AstronautView.swift in Sources */,
				D379405828CF650B00239E76 /* ColorTheme.swift in Sources */,
				D379405428CF574100239E76 /* Bundle_Decodable.swift in Sources */,
				D3EB0E7B28CF2FFC006BF1FF /* ContentView.swift in Sources */,
				D379405628CF5A6C00239E76 /* Mission.swift in Sources */,
				D3EB0E7928CF2FFC006BF1FF /* _8_MoonshotApp.swift in Sources */,
			);
			runOnlyForDeploymentPostprocessing = 0;
		};
/* End PBXSourcesBuildPhase section */

/* Begin XCBuildConfiguration section */
		D3EB0E8128CF2FFD006BF1FF /* Debug */ = {
			isa = XCBuildConfiguration;
			buildSettings = {
				ALWAYS_SEARCH_USER_PATHS = NO;
				CLANG_ANALYZER_NONNULL = YES;
				CLANG_ANALYZER_NUMBER_OBJECT_CONVERSION = YES_AGGRESSIVE;
				CLANG_CXX_LANGUAGE_STANDARD = "gnu++17";
				CLANG_ENABLE_MODULES = YES;
				CLANG_ENABLE_OBJC_ARC = YES;
				CLANG_ENABLE_OBJC_WEAK = YES;
				CLANG_WARN_BLOCK_CAPTURE_AUTORELEASING = YES;
				CLANG_WARN_BOOL_CONVERSION = YES;
				CLANG_WARN_COMMA = YES;
				CLANG_WARN_CONSTANT_CONVERSION = YES;
				CLANG_WARN_DEPRECATED_OBJC_IMPLEMENTATIONS = YES;
				CLANG_WARN_DIRECT_OBJC_ISA_USAGE = YES_ERROR;
				CLANG_WARN_DOCUMENTATION_COMMENTS = YES;
				CLANG_WARN_EMPTY_BODY = YES;
				CLANG_WARN_ENUM_CONVERSION = YES;
				CLANG_WARN_INFINITE_RECURSION = YES;
				CLANG_WARN_INT_CONVERSION = YES;
				CLANG_WARN_NON_LITERAL_NULL_CONVERSION = YES;
				CLANG_WARN_OBJC_IMPLICIT_RETAIN_SELF = YES;
				CLANG_WARN_OBJC_LITERAL_CONVERSION = YES;
				CLANG_WARN_OBJC_ROOT_CLASS = YES_ERROR;
				CLANG_WARN_QUOTED_INCLUDE_IN_FRAMEWORK_HEADER = YES;
				CLANG_WARN_RANGE_LOOP_ANALYSIS = YES;
				CLANG_WARN_STRICT_PROTOTYPES = YES;
				CLANG_WARN_SUSPICIOUS_MOVE = YES;
				CLANG_WARN_UNGUARDED_AVAILABILITY = YES_AGGRESSIVE;
				CLANG_WARN_UNREACHABLE_CODE = YES;
				CLANG_WARN__DUPLICATE_METHOD_MATCH = YES;
				COPY_PHASE_STRIP = NO;
				DEBUG_INFORMATION_FORMAT = dwarf;
				ENABLE_STRICT_OBJC_MSGSEND = YES;
				ENABLE_TESTABILITY = YES;
				GCC_C_LANGUAGE_STANDARD = gnu11;
				GCC_DYNAMIC_NO_PIC = NO;
				GCC_NO_COMMON_BLOCKS = YES;
				GCC_OPTIMIZATION_LEVEL = 0;
				GCC_PREPROCESSOR_DEFINITIONS = (
					"DEBUG=1",
					"$(inherited)",
				);
				GCC_WARN_64_TO_32_BIT_CONVERSION = YES;
				GCC_WARN_ABOUT_RETURN_TYPE = YES_ERROR;
				GCC_WARN_UNDECLARED_SELECTOR = YES;
				GCC_WARN_UNINITIALIZED_AUTOS = YES_AGGRESSIVE;
				GCC_WARN_UNUSED_FUNCTION = YES;
				GCC_WARN_UNUSED_VARIABLE = YES;
				IPHONEOS_DEPLOYMENT_TARGET = 15.5;
				MTL_ENABLE_DEBUG_INFO = INCLUDE_SOURCE;
				MTL_FAST_MATH = YES;
				ONLY_ACTIVE_ARCH = YES;
				SDKROOT = iphoneos;
				SWIFT_ACTIVE_COMPILATION_CONDITIONS = DEBUG;
				SWIFT_OPTIMIZATION_LEVEL = "-Onone";
			};
			name = Debug;
		};
		D3EB0E8228CF2FFD006BF1FF /* Release */ = {
			isa = XCBuildConfiguration;
			buildSettings = {
				ALWAYS_SEARCH_USER_PATHS = NO;
				CLANG_ANALYZER_NONNULL = YES;
				CLANG_ANALYZER_NUMBER_OBJECT_CONVERSION = YES_AGGRESSIVE;
				CLANG_CXX_LANGUAGE_STANDARD = "gnu++17";
				CLANG_ENABLE_MODULES = YES;
				CLANG_ENABLE_OBJC_ARC = YES;
				CLANG_ENABLE_OBJC_WEAK = YES;
				CLANG_WARN_BLOCK_CAPTURE_AUTORELEASING = YES;
				CLANG_WARN_BOOL_CONVERSION = YES;
				CLANG_WARN_COMMA = YES;
				CLANG_WARN_CONSTANT_CONVERSION = YES;
				CLANG_WARN_DEPRECATED_OBJC_IMPLEMENTATIONS = YES;
				CLANG_WARN_DIRECT_OBJC_ISA_USAGE = YES_ERROR;
				CLANG_WARN_DOCUMENTATION_COMMENTS = YES;
				CLANG_WARN_EMPTY_BODY = YES;
				CLANG_WARN_ENUM_CONVERSION = YES;
				CLANG_WARN_INFINITE_RECURSION = YES;
				CLANG_WARN_INT_CONVERSION = YES;
				CLANG_WARN_NON_LITERAL_NULL_CONVERSION = YES;
				CLANG_WARN_OBJC_IMPLICIT_RETAIN_SELF = YES;
				CLANG_WARN_OBJC_LITERAL_CONVERSION = YES;
				CLANG_WARN_OBJC_ROOT_CLASS = YES_ERROR;
				CLANG_WARN_QUOTED_INCLUDE_IN_FRAMEWORK_HEADER = YES;
				CLANG_WARN_RANGE_LOOP_ANALYSIS = YES;
				CLANG_WARN_STRICT_PROTOTYPES = YES;
				CLANG_WARN_SUSPICIOUS_MOVE = YES;
				CLANG_WARN_UNGUARDED_AVAILABILITY = YES_AGGRESSIVE;
				CLANG_WARN_UNREACHABLE_CODE = YES;
				CLANG_WARN__DUPLICATE_METHOD_MATCH = YES;
				COPY_PHASE_STRIP = NO;
				DEBUG_INFORMATION_FORMAT = "dwarf-with-dsym";
				ENABLE_NS_ASSERTIONS = NO;
				ENABLE_STRICT_OBJC_MSGSEND = YES;
				GCC_C_LANGUAGE_STANDARD = gnu11;
				GCC_NO_COMMON_BLOCKS = YES;
				GCC_WARN_64_TO_32_BIT_CONVERSION = YES;
				GCC_WARN_ABOUT_RETURN_TYPE = YES_ERROR;
				GCC_WARN_UNDECLARED_SELECTOR = YES;
				GCC_WARN_UNINITIALIZED_AUTOS = YES_AGGRESSIVE;
				GCC_WARN_UNUSED_FUNCTION = YES;
				GCC_WARN_UNUSED_VARIABLE = YES;
				IPHONEOS_DEPLOYMENT_TARGET = 15.5;
				MTL_ENABLE_DEBUG_INFO = NO;
				MTL_FAST_MATH = YES;
				SDKROOT = iphoneos;
				SWIFT_COMPILATION_MODE = wholemodule;
				SWIFT_OPTIMIZATION_LEVEL = "-O";
				VALIDATE_PRODUCT = YES;
			};
			name = Release;
		};
		D3EB0E8428CF2FFD006BF1FF /* Debug */ = {
			isa = XCBuildConfiguration;
			buildSettings = {
				ASSETCATALOG_COMPILER_APPICON_NAME = AppIcon;
				ASSETCATALOG_COMPILER_GLOBAL_ACCENT_COLOR_NAME = AccentColor;
				CODE_SIGN_STYLE = Automatic;
				CURRENT_PROJECT_VERSION = 1;
				DEVELOPMENT_ASSET_PATHS = "\"08_Moonshot/Preview Content\"";
				DEVELOPMENT_TEAM = 4JZ68K34BA;
				ENABLE_PREVIEWS = YES;
				GENERATE_INFOPLIST_FILE = YES;
				INFOPLIST_KEY_UIApplicationSceneManifest_Generation = YES;
				INFOPLIST_KEY_UIApplicationSupportsIndirectInputEvents = YES;
				INFOPLIST_KEY_UILaunchScreen_Generation = YES;
				INFOPLIST_KEY_UISupportedInterfaceOrientations_iPad = "UIInterfaceOrientationPortrait UIInterfaceOrientationPortraitUpsideDown UIInterfaceOrientationLandscapeLeft UIInterfaceOrientationLandscapeRight";
				INFOPLIST_KEY_UISupportedInterfaceOrientations_iPhone = "UIInterfaceOrientationPortrait UIInterfaceOrientationLandscapeLeft UIInterfaceOrientationLandscapeRight";
				LD_RUNPATH_SEARCH_PATHS = (
					"$(inherited)",
					"@executable_path/Frameworks",
				);
				MARKETING_VERSION = 1.0;
				PRODUCT_BUNDLE_IDENTIFIER = "com.larona.-8-Moonshot";
				PRODUCT_NAME = "$(TARGET_NAME)";
				SWIFT_EMIT_LOC_STRINGS = YES;
				SWIFT_VERSION = 5.0;
				TARGETED_DEVICE_FAMILY = "1,2";
			};
			name = Debug;
		};
		D3EB0E8528CF2FFD006BF1FF /* Release */ = {
			isa = XCBuildConfiguration;
			buildSettings = {
				ASSETCATALOG_COMPILER_APPICON_NAME = AppIcon;
				ASSETCATALOG_COMPILER_GLOBAL_ACCENT_COLOR_NAME = AccentColor;
				CODE_SIGN_STYLE = Automatic;
				CURRENT_PROJECT_VERSION = 1;
				DEVELOPMENT_ASSET_PATHS = "\"08_Moonshot/Preview Content\"";
				DEVELOPMENT_TEAM = 4JZ68K34BA;
				ENABLE_PREVIEWS = YES;
				GENERATE_INFOPLIST_FILE = YES;
				INFOPLIST_KEY_UIApplicationSceneManifest_Generation = YES;
				INFOPLIST_KEY_UIApplicationSupportsIndirectInputEvents = YES;
				INFOPLIST_KEY_UILaunchScreen_Generation = YES;
				INFOPLIST_KEY_UISupportedInterfaceOrientations_iPad = "UIInterfaceOrientationPortrait UIInterfaceOrientationPortraitUpsideDown UIInterfaceOrientationLandscapeLeft UIInterfaceOrientationLandscapeRight";
				INFOPLIST_KEY_UISupportedInterfaceOrientations_iPhone = "UIInterfaceOrientationPortrait UIInterfaceOrientationLandscapeLeft UIInterfaceOrientationLandscapeRight";
				LD_RUNPATH_SEARCH_PATHS = (
					"$(inherited)",
					"@executable_path/Frameworks",
				);
				MARKETING_VERSION = 1.0;
				PRODUCT_BUNDLE_IDENTIFIER = "com.larona.-8-Moonshot";
				PRODUCT_NAME = "$(TARGET_NAME)";
				SWIFT_EMIT_LOC_STRINGS = YES;
				SWIFT_VERSION = 5.0;
				TARGETED_DEVICE_FAMILY = "1,2";
			};
			name = Release;
		};
/* End XCBuildConfiguration section */

/* Begin XCConfigurationList section */
		D3EB0E7028CF2FFC006BF1FF /* Build configuration list for PBXProject "08_Moonshot" */ = {
			isa = XCConfigurationList;
			buildConfigurations = (
				D3EB0E8128CF2FFD006BF1FF /* Debug */,
				D3EB0E8228CF2FFD006BF1FF /* Release */,
			);
			defaultConfigurationIsVisible = 0;
			defaultConfigurationName = Release;
		};
		D3EB0E8328CF2FFD006BF1FF /* Build configuration list for PBXNativeTarget "08_Moonshot" */ = {
			isa = XCConfigurationList;
			buildConfigurations = (
				D3EB0E8428CF2FFD006BF1FF /* Debug */,
				D3EB0E8528CF2FFD006BF1FF /* Release */,
			);
			defaultConfigurationIsVisible = 0;
			defaultConfigurationName = Release;
		};
/* End XCConfigurationList section */
	};
	rootObject = D3EB0E6D28CF2FFC006BF1FF /* Project object */;
}
