// !$*UTF8*$!
{
	archiveVersion = 1;
	classes = {
	};
	objectVersion = 55;
	objects = {

/* Begin PBXBuildFile section */
		D38B942D28EAF01B00CCBF27 /* _4_BucketListApp.swift in Sources */ = {isa = PBXBuildFile; fileRef = D38B942C28EAF01B00CCBF27 /* _4_BucketListApp.swift */; };
		D38B942F28EAF01B00CCBF27 /* ContentView.swift in Sources */ = {isa = PBXBuildFile; fileRef = D38B942E28EAF01B00CCBF27 /* ContentView.swift */; };
		D38B943128EAF01D00CCBF27 /* Assets.xcassets in Resources */ = {isa = PBXBuildFile; fileRef = D38B943028EAF01D00CCBF27 /* Assets.xcassets */; };
		D38B943428EAF01D00CCBF27 /* Preview Assets.xcassets in Resources */ = {isa = PBXBuildFile; fileRef = D38B943328EAF01D00CCBF27 /* Preview Assets.xcassets */; };
		D3CAF3E728EC1D4700D97851 /* Location.swift in Sources */ = {isa = PBXBuildFile; fileRef = D3CAF3E628EC1D4700D97851 /* Location.swift */; };
		D3CAF3EB28EC28C100D97851 /* EditView.swift in Sources */ = {isa = PBXBuildFile; fileRef = D3CAF3EA28EC28C100D97851 /* EditView.swift */; };
		D3CAF3ED28EC5B6500D97851 /* Result.swift in Sources */ = {isa = PBXBuildFile; fileRef = D3CAF3EC28EC5B6500D97851 /* Result.swift */; };
		D3CAF3EF28F1D35100D97851 /* ContentView-ViewModel.swift in Sources */ = {isa = PBXBuildFile; fileRef = D3CAF3EE28F1D35100D97851 /* ContentView-ViewModel.swift */; };
		D3CAF3F128F1D85D00D97851 /* FileManager-DocumentsDirectory.swift in Sources */ = {isa = PBXBuildFile; fileRef = D3CAF3F028F1D85D00D97851 /* FileManager-DocumentsDirectory.swift */; };
/* End PBXBuildFile section */

/* Begin PBXFileReference section */
		D38B942928EAF01B00CCBF27 /* 14_BucketList.app */ = {isa = PBXFileReference; explicitFileType = wrapper.application; includeInIndex = 0; path = 14_BucketList.app; sourceTree = BUILT_PRODUCTS_DIR; };
		D38B942C28EAF01B00CCBF27 /* _4_BucketListApp.swift */ = {isa = PBXFileReference; lastKnownFileType = sourcecode.swift; path = _4_BucketListApp.swift; sourceTree = "<group>"; };
		D38B942E28EAF01B00CCBF27 /* ContentView.swift */ = {isa = PBXFileReference; lastKnownFileType = sourcecode.swift; path = ContentView.swift; sourceTree = "<group>"; };
		D38B943028EAF01D00CCBF27 /* Assets.xcassets */ = {isa = PBXFileReference; lastKnownFileType = folder.assetcatalog; path = Assets.xcassets; sourceTree = "<group>"; };
		D38B943328EAF01D00CCBF27 /* Preview Assets.xcassets */ = {isa = PBXFileReference; lastKnownFileType = folder.assetcatalog; path = "Preview Assets.xcassets"; sourceTree = "<group>"; };
		D3CAF3E628EC1D4700D97851 /* Location.swift */ = {isa = PBXFileReference; lastKnownFileType = sourcecode.swift; path = Location.swift; sourceTree = "<group>"; };
		D3CAF3EA28EC28C100D97851 /* EditView.swift */ = {isa = PBXFileReference; lastKnownFileType = sourcecode.swift; path = EditView.swift; sourceTree = "<group>"; };
		D3CAF3EC28EC5B6500D97851 /* Result.swift */ = {isa = PBXFileReference; lastKnownFileType = sourcecode.swift; path = Result.swift; sourceTree = "<group>"; };
		D3CAF3EE28F1D35100D97851 /* ContentView-ViewModel.swift */ = {isa = PBXFileReference; lastKnownFileType = sourcecode.swift; path = "ContentView-ViewModel.swift"; sourceTree = "<group>"; };
		D3CAF3F028F1D85D00D97851 /* FileManager-DocumentsDirectory.swift */ = {isa = PBXFileReference; lastKnownFileType = sourcecode.swift; path = "FileManager-DocumentsDirectory.swift"; sourceTree = "<group>"; };
/* End PBXFileReference section */

/* Begin PBXFrameworksBuildPhase section */
		D38B942628EAF01B00CCBF27 /* Frameworks */ = {
			isa = PBXFrameworksBuildPhase;
			buildActionMask = 2147483647;
			files = (
			);
			runOnlyForDeploymentPostprocessing = 0;
		};
/* End PBXFrameworksBuildPhase section */

/* Begin PBXGroup section */
		D38B942028EAF01A00CCBF27 = {
			isa = PBXGroup;
			children = (
				D38B942B28EAF01B00CCBF27 /* 14_BucketList */,
				D38B942A28EAF01B00CCBF27 /* Products */,
			);
			sourceTree = "<group>";
		};
		D38B942A28EAF01B00CCBF27 /* Products */ = {
			isa = PBXGroup;
			children = (
				D38B942928EAF01B00CCBF27 /* 14_BucketList.app */,
			);
			name = Products;
			sourceTree = "<group>";
		};
		D38B942B28EAF01B00CCBF27 /* 14_BucketList */ = {
			isa = PBXGroup;
			children = (
				D38B942C28EAF01B00CCBF27 /* _4_BucketListApp.swift */,
				D38B942E28EAF01B00CCBF27 /* ContentView.swift */,
				D3CAF3EA28EC28C100D97851 /* EditView.swift */,
				D3CAF3EC28EC5B6500D97851 /* Result.swift */,
				D3CAF3EE28F1D35100D97851 /* ContentView-ViewModel.swift */,
				D3CAF3E628EC1D4700D97851 /* Location.swift */,
				D3CAF3F028F1D85D00D97851 /* FileManager-DocumentsDirectory.swift */,
				D38B943028EAF01D00CCBF27 /* Assets.xcassets */,
				D38B943228EAF01D00CCBF27 /* Preview Content */,
			);
			path = 14_BucketList;
			sourceTree = "<group>";
		};
		D38B943228EAF01D00CCBF27 /* Preview Content */ = {
			isa = PBXGroup;
			children = (
				D38B943328EAF01D00CCBF27 /* Preview Assets.xcassets */,
			);
			path = "Preview Content";
			sourceTree = "<group>";
		};
/* End PBXGroup section */

/* Begin PBXNativeTarget section */
		D38B942828EAF01B00CCBF27 /* 14_BucketList */ = {
			isa = PBXNativeTarget;
			buildConfigurationList = D38B943728EAF01D00CCBF27 /* Build configuration list for PBXNativeTarget "14_BucketList" */;
			buildPhases = (
				D38B942528EAF01B00CCBF27 /* Sources */,
				D38B942628EAF01B00CCBF27 /* Frameworks */,
				D38B942728EAF01B00CCBF27 /* Resources */,
			);
			buildRules = (
			);
			dependencies = (
			);
			name = 14_BucketList;
			productName = 14_BucketList;
			productReference = D38B942928EAF01B00CCBF27 /* 14_BucketList.app */;
			productType = "com.apple.product-type.application";
		};
/* End PBXNativeTarget section */

/* Begin PBXProject section */
		D38B942128EAF01A00CCBF27 /* Project object */ = {
			isa = PBXProject;
			attributes = {
				BuildIndependentTargetsInParallel = 1;
				LastSwiftUpdateCheck = 1340;
				LastUpgradeCheck = 1340;
				TargetAttributes = {
					D38B942828EAF01B00CCBF27 = {
						CreatedOnToolsVersion = 13.4.1;
					};
				};
			};
			buildConfigurationList = D38B942428EAF01A00CCBF27 /* Build configuration list for PBXProject "14_BucketList" */;
			compatibilityVersion = "Xcode 13.0";
			developmentRegion = en;
			hasScannedForEncodings = 0;
			knownRegions = (
				en,
				Base,
			);
			mainGroup = D38B942028EAF01A00CCBF27;
			productRefGroup = D38B942A28EAF01B00CCBF27 /* Products */;
			projectDirPath = "";
			projectRoot = "";
			targets = (
				D38B942828EAF01B00CCBF27 /* 14_BucketList */,
			);
		};
/* End PBXProject section */

/* Begin PBXResourcesBuildPhase section */
		D38B942728EAF01B00CCBF27 /* Resources */ = {
			isa = PBXResourcesBuildPhase;
			buildActionMask = 2147483647;
			files = (
				D38B943428EAF01D00CCBF27 /* Preview Assets.xcassets in Resources */,
				D38B943128EAF01D00CCBF27 /* Assets.xcassets in Resources */,
			);
			runOnlyForDeploymentPostprocessing = 0;
		};
/* End PBXResourcesBuildPhase section */

/* Begin PBXSourcesBuildPhase section */
		D38B942528EAF01B00CCBF27 /* Sources */ = {
			isa = PBXSourcesBuildPhase;
			buildActionMask = 2147483647;
			files = (
				D38B942F28EAF01B00CCBF27 /* ContentView.swift in Sources */,
				D3CAF3F128F1D85D00D97851 /* FileManager-DocumentsDirectory.swift in Sources */,
				D3CAF3EF28F1D35100D97851 /* ContentView-ViewModel.swift in Sources */,
				D3CAF3ED28EC5B6500D97851 /* Result.swift in Sources */,
				D3CAF3E728EC1D4700D97851 /* Location.swift in Sources */,
				D3CAF3EB28EC28C100D97851 /* EditView.swift in Sources */,
				D38B942D28EAF01B00CCBF27 /* _4_BucketListApp.swift in Sources */,
			);
			runOnlyForDeploymentPostprocessing = 0;
		};
/* End PBXSourcesBuildPhase section */

/* Begin XCBuildConfiguration section */
		D38B943528EAF01D00CCBF27 /* Debug */ = {
			isa = XCBuildConfiguration;
			buildSettings = {
				ALWAYS_SEARCH_USER_PATHS = NO;
				CLANG_ANALYZER_NONNULL = YES;
				CLANG_ANALYZER_NUMBER_OBJECT_CONVERSION = YES_AGGRESSIVE;
				CLANG_CXX_LANGUAGE_STANDARD = "gnu++17";
				CLANG_ENABLE_MODULES = YES;
				CLANG_ENABLE_OBJC_ARC = YES;
				CLANG_ENABLE_OBJC_WEAK = YES;
				CLANG_WARN_BLOCK_CAPTURE_AUTORELEASING = YES;
				CLANG_WARN_BOOL_CONVERSION = YES;
				CLANG_WARN_COMMA = YES;
				CLANG_WARN_CONSTANT_CONVERSION = YES;
				CLANG_WARN_DEPRECATED_OBJC_IMPLEMENTATIONS = YES;
				CLANG_WARN_DIRECT_OBJC_ISA_USAGE = YES_ERROR;
				CLANG_WARN_DOCUMENTATION_COMMENTS = YES;
				CLANG_WARN_EMPTY_BODY = YES;
				CLANG_WARN_ENUM_CONVERSION = YES;
				CLANG_WARN_INFINITE_RECURSION = YES;
				CLANG_WARN_INT_CONVERSION = YES;
				CLANG_WARN_NON_LITERAL_NULL_CONVERSION = YES;
				CLANG_WARN_OBJC_IMPLICIT_RETAIN_SELF = YES;
				CLANG_WARN_OBJC_LITERAL_CONVERSION = YES;
				CLANG_WARN_OBJC_ROOT_CLASS = YES_ERROR;
				CLANG_WARN_QUOTED_INCLUDE_IN_FRAMEWORK_HEADER = YES;
				CLANG_WARN_RANGE_LOOP_ANALYSIS = YES;
				CLANG_WARN_STRICT_PROTOTYPES = YES;
				CLANG_WARN_SUSPICIOUS_MOVE = YES;
				CLANG_WARN_UNGUARDED_AVAILABILITY = YES_AGGRESSIVE;
				CLANG_WARN_UNREACHABLE_CODE = YES;
				CLANG_WARN__DUPLICATE_METHOD_MATCH = YES;
				COPY_PHASE_STRIP = NO;
				DEBUG_INFORMATION_FORMAT = dwarf;
				ENABLE_STRICT_OBJC_MSGSEND = YES;
				ENABLE_TESTABILITY = YES;
				GCC_C_LANGUAGE_STANDARD = gnu11;
				GCC_DYNAMIC_NO_PIC = NO;
				GCC_NO_COMMON_BLOCKS = YES;
				GCC_OPTIMIZATION_LEVEL = 0;
				GCC_PREPROCESSOR_DEFINITIONS = (
					"DEBUG=1",
					"$(inherited)",
				);
				GCC_WARN_64_TO_32_BIT_CONVERSION = YES;
				GCC_WARN_ABOUT_RETURN_TYPE = YES_ERROR;
				GCC_WARN_UNDECLARED_SELECTOR = YES;
				GCC_WARN_UNINITIALIZED_AUTOS = YES_AGGRESSIVE;
				GCC_WARN_UNUSED_FUNCTION = YES;
				GCC_WARN_UNUSED_VARIABLE = YES;
				IPHONEOS_DEPLOYMENT_TARGET = 15.5;
				MTL_ENABLE_DEBUG_INFO = INCLUDE_SOURCE;
				MTL_FAST_MATH = YES;
				ONLY_ACTIVE_ARCH = YES;
				SDKROOT = iphoneos;
				SWIFT_ACTIVE_COMPILATION_CONDITIONS = DEBUG;
				SWIFT_OPTIMIZATION_LEVEL = "-Onone";
			};
			name = Debug;
		};
		D38B943628EAF01D00CCBF27 /* Release */ = {
			isa = XCBuildConfiguration;
			buildSettings = {
				ALWAYS_SEARCH_USER_PATHS = NO;
				CLANG_ANALYZER_NONNULL = YES;
				CLANG_ANALYZER_NUMBER_OBJECT_CONVERSION = YES_AGGRESSIVE;
				CLANG_CXX_LANGUAGE_STANDARD = "gnu++17";
				CLANG_ENABLE_MODULES = YES;
				CLANG_ENABLE_OBJC_ARC = YES;
				CLANG_ENABLE_OBJC_WEAK = YES;
				CLANG_WARN_BLOCK_CAPTURE_AUTORELEASING = YES;
				CLANG_WARN_BOOL_CONVERSION = YES;
				CLANG_WARN_COMMA = YES;
				CLANG_WARN_CONSTANT_CONVERSION = YES;
				CLANG_WARN_DEPRECATED_OBJC_IMPLEMENTATIONS = YES;
				CLANG_WARN_DIRECT_OBJC_ISA_USAGE = YES_ERROR;
				CLANG_WARN_DOCUMENTATION_COMMENTS = YES;
				CLANG_WARN_EMPTY_BODY = YES;
				CLANG_WARN_ENUM_CONVERSION = YES;
				CLANG_WARN_INFINITE_RECURSION = YES;
				CLANG_WARN_INT_CONVERSION = YES;
				CLANG_WARN_NON_LITERAL_NULL_CONVERSION = YES;
				CLANG_WARN_OBJC_IMPLICIT_RETAIN_SELF = YES;
				CLANG_WARN_OBJC_LITERAL_CONVERSION = YES;
				CLANG_WARN_OBJC_ROOT_CLASS = YES_ERROR;
				CLANG_WARN_QUOTED_INCLUDE_IN_FRAMEWORK_HEADER = YES;
				CLANG_WARN_RANGE_LOOP_ANALYSIS = YES;
				CLANG_WARN_STRICT_PROTOTYPES = YES;
				CLANG_WARN_SUSPICIOUS_MOVE = YES;
				CLANG_WARN_UNGUARDED_AVAILABILITY = YES_AGGRESSIVE;
				CLANG_WARN_UNREACHABLE_CODE = YES;
				CLANG_WARN__DUPLICATE_METHOD_MATCH = YES;
				COPY_PHASE_STRIP = NO;
				DEBUG_INFORMATION_FORMAT = "dwarf-with-dsym";
				ENABLE_NS_ASSERTIONS = NO;
				ENABLE_STRICT_OBJC_MSGSEND = YES;
				GCC_C_LANGUAGE_STANDARD = gnu11;
				GCC_NO_COMMON_BLOCKS = YES;
				GCC_WARN_64_TO_32_BIT_CONVERSION = YES;
				GCC_WARN_ABOUT_RETURN_TYPE = YES_ERROR;
				GCC_WARN_UNDECLARED_SELECTOR = YES;
				GCC_WARN_UNINITIALIZED_AUTOS = YES_AGGRESSIVE;
				GCC_WARN_UNUSED_FUNCTION = YES;
				GCC_WARN_UNUSED_VARIABLE = YES;
				IPHONEOS_DEPLOYMENT_TARGET = 15.5;
				MTL_ENABLE_DEBUG_INFO = NO;
				MTL_FAST_MATH = YES;
				SDKROOT = iphoneos;
				SWIFT_COMPILATION_MODE = wholemodule;
				SWIFT_OPTIMIZATION_LEVEL = "-O";
				VALIDATE_PRODUCT = YES;
			};
			name = Release;
		};
		D38B943828EAF01D00CCBF27 /* Debug */ = {
			isa = XCBuildConfiguration;
			buildSettings = {
				ASSETCATALOG_COMPILER_APPICON_NAME = AppIcon;
				ASSETCATALOG_COMPILER_GLOBAL_ACCENT_COLOR_NAME = AccentColor;
				CODE_SIGN_STYLE = Automatic;
				CURRENT_PROJECT_VERSION = 1;
				DEVELOPMENT_ASSET_PATHS = "\"14_BucketList/Preview Content\"";
				DEVELOPMENT_TEAM = 4JZ68K34BA;
				ENABLE_PREVIEWS = YES;
				GENERATE_INFOPLIST_FILE = YES;
				INFOPLIST_KEY_NSFaceIDUsageDescription = "We need to unlock your data.";
				INFOPLIST_KEY_UIApplicationSceneManifest_Generation = YES;
				INFOPLIST_KEY_UIApplicationSupportsIndirectInputEvents = YES;
				INFOPLIST_KEY_UILaunchScreen_Generation = YES;
				INFOPLIST_KEY_UISupportedInterfaceOrientations_iPad = "UIInterfaceOrientationPortrait UIInterfaceOrientationPortraitUpsideDown UIInterfaceOrientationLandscapeLeft UIInterfaceOrientationLandscapeRight";
				INFOPLIST_KEY_UISupportedInterfaceOrientations_iPhone = "UIInterfaceOrientationPortrait UIInterfaceOrientationLandscapeLeft UIInterfaceOrientationLandscapeRight";
				LD_RUNPATH_SEARCH_PATHS = (
					"$(inherited)",
					"@executable_path/Frameworks",
				);
				MARKETING_VERSION = 1.0;
				PRODUCT_BUNDLE_IDENTIFIER = "com.larona.-4-BucketList";
				PRODUCT_NAME = "$(TARGET_NAME)";
				SWIFT_EMIT_LOC_STRINGS = YES;
				SWIFT_VERSION = 5.0;
				TARGETED_DEVICE_FAMILY = "1,2";
			};
			name = Debug;
		};
		D38B943928EAF01D00CCBF27 /* Release */ = {
			isa = XCBuildConfiguration;
			buildSettings = {
				ASSETCATALOG_COMPILER_APPICON_NAME = AppIcon;
				ASSETCATALOG_COMPILER_GLOBAL_ACCENT_COLOR_NAME = AccentColor;
				CODE_SIGN_STYLE = Automatic;
				CURRENT_PROJECT_VERSION = 1;
				DEVELOPMENT_ASSET_PATHS = "\"14_BucketList/Preview Content\"";
				DEVELOPMENT_TEAM = 4JZ68K34BA;
				ENABLE_PREVIEWS = YES;
				GENERATE_INFOPLIST_FILE = YES;
				INFOPLIST_KEY_NSFaceIDUsageDescription = "We need to unlock your data.";
				INFOPLIST_KEY_UIApplicationSceneManifest_Generation = YES;
				INFOPLIST_KEY_UIApplicationSupportsIndirectInputEvents = YES;
				INFOPLIST_KEY_UILaunchScreen_Generation = YES;
				INFOPLIST_KEY_UISupportedInterfaceOrientations_iPad = "UIInterfaceOrientationPortrait UIInterfaceOrientationPortraitUpsideDown UIInterfaceOrientationLandscapeLeft UIInterfaceOrientationLandscapeRight";
				INFOPLIST_KEY_UISupportedInterfaceOrientations_iPhone = "UIInterfaceOrientationPortrait UIInterfaceOrientationLandscapeLeft UIInterfaceOrientationLandscapeRight";
				LD_RUNPATH_SEARCH_PATHS = (
					"$(inherited)",
					"@executable_path/Frameworks",
				);
				MARKETING_VERSION = 1.0;
				PRODUCT_BUNDLE_IDENTIFIER = "com.larona.-4-BucketList";
				PRODUCT_NAME = "$(TARGET_NAME)";
				SWIFT_EMIT_LOC_STRINGS = YES;
				SWIFT_VERSION = 5.0;
				TARGETED_DEVICE_FAMILY = "1,2";
			};
			name = Release;
		};
/* End XCBuildConfiguration section */

/* Begin XCConfigurationList section */
		D38B942428EAF01A00CCBF27 /* Build configuration list for PBXProject "14_BucketList" */ = {
			isa = XCConfigurationList;
			buildConfigurations = (
				D38B943528EAF01D00CCBF27 /* Debug */,
				D38B943628EAF01D00CCBF27 /* Release */,
			);
			defaultConfigurationIsVisible = 0;
			defaultConfigurationName = Release;
		};
		D38B943728EAF01D00CCBF27 /* Build configuration list for PBXNativeTarget "14_BucketList" */ = {
			isa = XCConfigurationList;
			buildConfigurations = (
				D38B943828EAF01D00CCBF27 /* Debug */,
				D38B943928EAF01D00CCBF27 /* Release */,
			);
			defaultConfigurationIsVisible = 0;
			defaultConfigurationName = Release;
		};
/* End XCConfigurationList section */
	};
	rootObject = D38B942128EAF01A00CCBF27 /* Project object */;
}
